
Microsoft Visual Studio Solution File, Format Version 12.00
# Visual Studio Version 16
VisualStudioVersion = 16.0.29613.14
MinimumVisualStudioVersion = 10.0.40219.1
Project("{FAE04EC0-301F-11D3-BF4B-00C04F79EFBC}") = "SimpleVerify", "SimpleVerify\SimpleVerify.csproj", "{ADF27FDF-6A53-4A50-84CE-8D214DE33114}"
EndProject
Project("{FAE04EC0-301F-11D3-BF4B-00C04F79EFBC}") = "VerifyDriver", "VerifyDriver\VerifyDriver.csproj", "{43278335-3C49-4EFD-8A1F-89C36DF9D6CC}"
EndProject
Global
	GlobalSection(SolutionConfigurationPlatforms) = preSolution
		Debug|Any CPU = Debug|Any CPU
		Release|Any CPU = Release|Any CPU
	EndGlobalSection
	GlobalSection(ProjectConfigurationPlatforms) = postSolution
		{ADF27FDF-6A53-4A50-84CE-8D214DE33114}.Debug|Any CPU.ActiveCfg = Debug|Any CPU
		{ADF27FDF-6A53-4A50-84CE-8D214DE33114}.Debug|Any CPU.Build.0 = Debug|Any CPU
		{ADF27FDF-6A53-4A50-84CE-8D214DE33114}.Release|Any CPU.ActiveCfg = Release|Any CPU
		{ADF27FDF-6A53-4A50-84CE-8D214DE33114}.Release|Any CPU.Build.0 = Release|Any CPU
		{43278335-3C49-4EFD-8A1F-89C36DF9D6CC}.Debug|Any CPU.ActiveCfg = Debug|Any CPU
		{43278335-3C49-4EFD-8A1F-89C36DF9D6CC}.Debug|Any CPU.Build.0 = Debug|Any CPU
		{43278335-3C49-4EFD-8A1F-89C36DF9D6CC}.Release|Any CPU.ActiveCfg = Release|Any CPU
		{43278335-3C49-4EFD-8A1F-89C36DF9D6CC}.Release|Any CPU.Build.0 = Release|Any CPU
	EndGlobalSection
	GlobalSection(SolutionProperties) = preSolution
		HideSolutionNode = FALSE
	EndGlobalSection
	GlobalSection(ExtensibilityGlobals) = postSolution
		SolutionGuid = {97C6C102-CC8B-40F9-91CD-026FAA2ECC15}
	EndGlobalSection
EndGlobal
